
Microsoft Visual Studio Solution File, Format Version 12.00
# Visual Studio 15
VisualStudioVersion = 15.0.26124.0
MinimumVisualStudioVersion = 15.0.26124.0
Project("{FAE04EC0-301F-11D3-BF4B-00C04F79EFBC}") = "CoEvent.Api", "src\CoEvent.Api.csproj", "{16BC0468-78F6-4C91-87DA-7403C919E646}"
EndProject
Project("{2150E333-8FDC-42A3-9474-1A3956D46DE8}") = "libs", "libs", "{3181EE74-5993-4FF6-958E-57D83735412E}"
EndProject
Project("{FAE04EC0-301F-11D3-BF4B-00C04F79EFBC}") = "CoEvent.Core", "libs\Core\CoEvent.Core.csproj", "{476670B3-96C1-4AC4-A49B-D27EE4D3BFC5}"
EndProject
Project("{FAE04EC0-301F-11D3-BF4B-00C04F79EFBC}") = "CoEvent.Data", "libs\Data\CoEvent.Data.csproj", "{5F17538F-51D3-43F4-A9BF-807A5E07EDD1}"
EndProject
Project("{FAE04EC0-301F-11D3-BF4B-00C04F79EFBC}") = "CoEvent.Data.Entities", "libs\Entities\CoEvent.Data.Entities.csproj", "{B2927906-25ED-478A-A8DD-683DFAE31B5E}"
EndProject
Project("{FAE04EC0-301F-11D3-BF4B-00C04F79EFBC}") = "CoEvent.Models", "libs\Models\CoEvent.Models.csproj", "{9258E056-FC7E-43CA-B476-71CECCED1E01}"
EndProject
Global
	GlobalSection(SolutionConfigurationPlatforms) = preSolution
		Debug|Any CPU = Debug|Any CPU
		Debug|x64 = Debug|x64
		Debug|x86 = Debug|x86
		Release|Any CPU = Release|Any CPU
		Release|x64 = Release|x64
		Release|x86 = Release|x86
	EndGlobalSection
	GlobalSection(SolutionProperties) = preSolution
		HideSolutionNode = FALSE
	EndGlobalSection
	GlobalSection(ProjectConfigurationPlatforms) = postSolution
		{16BC0468-78F6-4C91-87DA-7403C919E646}.Debug|Any CPU.ActiveCfg = Debug|Any CPU
		{16BC0468-78F6-4C91-87DA-7403C919E646}.Debug|Any CPU.Build.0 = Debug|Any CPU
		{16BC0468-78F6-4C91-87DA-7403C919E646}.Debug|x64.ActiveCfg = Debug|Any CPU
		{16BC0468-78F6-4C91-87DA-7403C919E646}.Debug|x64.Build.0 = Debug|Any CPU
		{16BC0468-78F6-4C91-87DA-7403C919E646}.Debug|x86.ActiveCfg = Debug|Any CPU
		{16BC0468-78F6-4C91-87DA-7403C919E646}.Debug|x86.Build.0 = Debug|Any CPU
		{16BC0468-78F6-4C91-87DA-7403C919E646}.Release|Any CPU.ActiveCfg = Release|Any CPU
		{16BC0468-78F6-4C91-87DA-7403C919E646}.Release|Any CPU.Build.0 = Release|Any CPU
		{16BC0468-78F6-4C91-87DA-7403C919E646}.Release|x64.ActiveCfg = Release|Any CPU
		{16BC0468-78F6-4C91-87DA-7403C919E646}.Release|x64.Build.0 = Release|Any CPU
		{16BC0468-78F6-4C91-87DA-7403C919E646}.Release|x86.ActiveCfg = Release|Any CPU
		{16BC0468-78F6-4C91-87DA-7403C919E646}.Release|x86.Build.0 = Release|Any CPU
		{476670B3-96C1-4AC4-A49B-D27EE4D3BFC5}.Debug|Any CPU.ActiveCfg = Debug|Any CPU
		{476670B3-96C1-4AC4-A49B-D27EE4D3BFC5}.Debug|Any CPU.Build.0 = Debug|Any CPU
		{476670B3-96C1-4AC4-A49B-D27EE4D3BFC5}.Debug|x64.ActiveCfg = Debug|Any CPU
		{476670B3-96C1-4AC4-A49B-D27EE4D3BFC5}.Debug|x64.Build.0 = Debug|Any CPU
		{476670B3-96C1-4AC4-A49B-D27EE4D3BFC5}.Debug|x86.ActiveCfg = Debug|Any CPU
		{476670B3-96C1-4AC4-A49B-D27EE4D3BFC5}.Debug|x86.Build.0 = Debug|Any CPU
		{476670B3-96C1-4AC4-A49B-D27EE4D3BFC5}.Release|Any CPU.ActiveCfg = Release|Any CPU
		{476670B3-96C1-4AC4-A49B-D27EE4D3BFC5}.Release|Any CPU.Build.0 = Release|Any CPU
		{476670B3-96C1-4AC4-A49B-D27EE4D3BFC5}.Release|x64.ActiveCfg = Release|Any CPU
		{476670B3-96C1-4AC4-A49B-D27EE4D3BFC5}.Release|x64.Build.0 = Release|Any CPU
		{476670B3-96C1-4AC4-A49B-D27EE4D3BFC5}.Release|x86.ActiveCfg = Release|Any CPU
		{476670B3-96C1-4AC4-A49B-D27EE4D3BFC5}.Release|x86.Build.0 = Release|Any CPU
		{5F17538F-51D3-43F4-A9BF-807A5E07EDD1}.Debug|Any CPU.ActiveCfg = Debug|Any CPU
		{5F17538F-51D3-43F4-A9BF-807A5E07EDD1}.Debug|Any CPU.Build.0 = Debug|Any CPU
		{5F17538F-51D3-43F4-A9BF-807A5E07EDD1}.Debug|x64.ActiveCfg = Debug|Any CPU
		{5F17538F-51D3-43F4-A9BF-807A5E07EDD1}.Debug|x64.Build.0 = Debug|Any CPU
		{5F17538F-51D3-43F4-A9BF-807A5E07EDD1}.Debug|x86.ActiveCfg = Debug|Any CPU
		{5F17538F-51D3-43F4-A9BF-807A5E07EDD1}.Debug|x86.Build.0 = Debug|Any CPU
		{5F17538F-51D3-43F4-A9BF-807A5E07EDD1}.Release|Any CPU.ActiveCfg = Release|Any CPU
		{5F17538F-51D3-43F4-A9BF-807A5E07EDD1}.Release|Any CPU.Build.0 = Release|Any CPU
		{5F17538F-51D3-43F4-A9BF-807A5E07EDD1}.Release|x64.ActiveCfg = Release|Any CPU
		{5F17538F-51D3-43F4-A9BF-807A5E07EDD1}.Release|x64.Build.0 = Release|Any CPU
		{5F17538F-51D3-43F4-A9BF-807A5E07EDD1}.Release|x86.ActiveCfg = Release|Any CPU
		{5F17538F-51D3-43F4-A9BF-807A5E07EDD1}.Release|x86.Build.0 = Release|Any CPU
		{B2927906-25ED-478A-A8DD-683DFAE31B5E}.Debug|Any CPU.ActiveCfg = Debug|Any CPU
		{B2927906-25ED-478A-A8DD-683DFAE31B5E}.Debug|Any CPU.Build.0 = Debug|Any CPU
		{B2927906-25ED-478A-A8DD-683DFAE31B5E}.Debug|x64.ActiveCfg = Debug|Any CPU
		{B2927906-25ED-478A-A8DD-683DFAE31B5E}.Debug|x64.Build.0 = Debug|Any CPU
		{B2927906-25ED-478A-A8DD-683DFAE31B5E}.Debug|x86.ActiveCfg = Debug|Any CPU
		{B2927906-25ED-478A-A8DD-683DFAE31B5E}.Debug|x86.Build.0 = Debug|Any CPU
		{B2927906-25ED-478A-A8DD-683DFAE31B5E}.Release|Any CPU.ActiveCfg = Release|Any CPU
		{B2927906-25ED-478A-A8DD-683DFAE31B5E}.Release|Any CPU.Build.0 = Release|Any CPU
		{B2927906-25ED-478A-A8DD-683DFAE31B5E}.Release|x64.ActiveCfg = Release|Any CPU
		{B2927906-25ED-478A-A8DD-683DFAE31B5E}.Release|x64.Build.0 = Release|Any CPU
		{B2927906-25ED-478A-A8DD-683DFAE31B5E}.Release|x86.ActiveCfg = Release|Any CPU
		{B2927906-25ED-478A-A8DD-683DFAE31B5E}.Release|x86.Build.0 = Release|Any CPU
		{9258E056-FC7E-43CA-B476-71CECCED1E01}.Debug|Any CPU.ActiveCfg = Debug|Any CPU
		{9258E056-FC7E-43CA-B476-71CECCED1E01}.Debug|Any CPU.Build.0 = Debug|Any CPU
		{9258E056-FC7E-43CA-B476-71CECCED1E01}.Debug|x64.ActiveCfg = Debug|Any CPU
		{9258E056-FC7E-43CA-B476-71CECCED1E01}.Debug|x64.Build.0 = Debug|Any CPU
		{9258E056-FC7E-43CA-B476-71CECCED1E01}.Debug|x86.ActiveCfg = Debug|Any CPU
		{9258E056-FC7E-43CA-B476-71CECCED1E01}.Debug|x86.Build.0 = Debug|Any CPU
		{9258E056-FC7E-43CA-B476-71CECCED1E01}.Release|Any CPU.ActiveCfg = Release|Any CPU
		{9258E056-FC7E-43CA-B476-71CECCED1E01}.Release|Any CPU.Build.0 = Release|Any CPU
		{9258E056-FC7E-43CA-B476-71CECCED1E01}.Release|x64.ActiveCfg = Release|Any CPU
		{9258E056-FC7E-43CA-B476-71CECCED1E01}.Release|x64.Build.0 = Release|Any CPU
		{9258E056-FC7E-43CA-B476-71CECCED1E01}.Release|x86.ActiveCfg = Release|Any CPU
		{9258E056-FC7E-43CA-B476-71CECCED1E01}.Release|x86.Build.0 = Release|Any CPU
	EndGlobalSection
	GlobalSection(NestedProjects) = preSolution
		{476670B3-96C1-4AC4-A49B-D27EE4D3BFC5} = {3181EE74-5993-4FF6-958E-57D83735412E}
		{5F17538F-51D3-43F4-A9BF-807A5E07EDD1} = {3181EE74-5993-4FF6-958E-57D83735412E}
		{B2927906-25ED-478A-A8DD-683DFAE31B5E} = {3181EE74-5993-4FF6-958E-57D83735412E}
		{9258E056-FC7E-43CA-B476-71CECCED1E01} = {3181EE74-5993-4FF6-958E-57D83735412E}
	EndGlobalSection
EndGlobal
